
Microsoft Visual Studio Solution File, Format Version 12.00
# Visual Studio Version 17
VisualStudioVersion = 17.13.35919.96 d17.13
MinimumVisualStudioVersion = 10.0.40219.1
Project("{FAE04EC0-301F-11D3-BF4B-00C04F79EFBC}") = "SiemensInternship", "SiemensInternship.csproj", "{03D08E81-D7F1-417E-8954-B85892EFEC1C}"
EndProject
Global
	GlobalSection(SolutionConfigurationPlatforms) = preSolution
		Debug|Any CPU = Debug|Any CPU
		Release|Any CPU = Release|Any CPU
	EndGlobalSection
	GlobalSection(ProjectConfigurationPlatforms) = postSolution
		{03D08E81-D7F1-417E-8954-B85892EFEC1C}.Debug|Any CPU.ActiveCfg = Debug|Any CPU
		{03D08E81-D7F1-417E-8954-B85892EFEC1C}.Debug|Any CPU.Build.0 = Debug|Any CPU
		{03D08E81-D7F1-417E-8954-B85892EFEC1C}.Release|Any CPU.ActiveCfg = Release|Any CPU
		{03D08E81-D7F1-417E-8954-B85892EFEC1C}.Release|Any CPU.Build.0 = Release|Any CPU
	EndGlobalSection
	GlobalSection(SolutionProperties) = preSolution
		HideSolutionNode = FALSE
	EndGlobalSection
	GlobalSection(ExtensibilityGlobals) = postSolution
		SolutionGuid = {6AC2C5A7-2124-4489-8C5B-B6E20A2B360C}
	EndGlobalSection
EndGlobal
